
Microsoft Visual Studio Solution File, Format Version 12.00
# Visual Studio Version 17
VisualStudioVersion = 17.5.33516.290
MinimumVisualStudioVersion = 10.0.40219.1
Project("{FAE04EC0-301F-11D3-BF4B-00C04F79EFBC}") = "Visual_Studio_Warning_Not_Shown_In_Error_List", "Visual_Studio_Warning_Not_Shown_In_Error_List.csproj", "{BD61EB14-52E3-4A5C-98C9-DF976C4DBF61}"
EndProject
Global
	GlobalSection(SolutionConfigurationPlatforms) = preSolution
		Debug|Any CPU = Debug|Any CPU
		Release|Any CPU = Release|Any CPU
	EndGlobalSection
	GlobalSection(ProjectConfigurationPlatforms) = postSolution
		{BD61EB14-52E3-4A5C-98C9-DF976C4DBF61}.Debug|Any CPU.ActiveCfg = Debug|Any CPU
		{BD61EB14-52E3-4A5C-98C9-DF976C4DBF61}.Debug|Any CPU.Build.0 = Debug|Any CPU
		{BD61EB14-52E3-4A5C-98C9-DF976C4DBF61}.Release|Any CPU.ActiveCfg = Release|Any CPU
		{BD61EB14-52E3-4A5C-98C9-DF976C4DBF61}.Release|Any CPU.Build.0 = Release|Any CPU
	EndGlobalSection
	GlobalSection(SolutionProperties) = preSolution
		HideSolutionNode = FALSE
	EndGlobalSection
	GlobalSection(ExtensibilityGlobals) = postSolution
		SolutionGuid = {843FE6AB-CA4F-4901-B03E-AD7A6CE0178A}
	EndGlobalSection
EndGlobal
